
Microsoft Visual Studio Solution File, Format Version 12.00
# Visual Studio Version 16
VisualStudioVersion = 16.0.32126.315
MinimumVisualStudioVersion = 10.0.40219.1
Project("{E24C65DC-7377-472B-9ABA-BC803B73C61A}") = "DB_Project", ".", "{FBC66647-A657-4A53-A906-21F1001D6F4A}"
	ProjectSection(WebsiteProperties) = preProject
		TargetFrameworkMoniker = ".NETFramework,Version%3Dv4.7.2"
		Debug.AspNetCompiler.VirtualPath = "/localhost_61699"
		Debug.AspNetCompiler.PhysicalPath = "..\DB_Project\"
		Debug.AspNetCompiler.TargetPath = "PrecompiledWeb\localhost_61699\"
		Debug.AspNetCompiler.Updateable = "true"
		Debug.AspNetCompiler.ForceOverwrite = "true"
		Debug.AspNetCompiler.FixedNames = "false"
		Debug.AspNetCompiler.Debug = "True"
		Release.AspNetCompiler.VirtualPath = "/localhost_61699"
		Release.AspNetCompiler.PhysicalPath = "..\DB_Project\"
		Release.AspNetCompiler.TargetPath = "PrecompiledWeb\localhost_61699\"
		Release.AspNetCompiler.Updateable = "true"
		Release.AspNetCompiler.ForceOverwrite = "true"
		Release.AspNetCompiler.FixedNames = "false"
		Release.AspNetCompiler.Debug = "False"
		VWDPort = "61699"
		SlnRelativePath = "..\DB_Project\"
		DefaultWebSiteLanguage = "Visual C#"
	EndProjectSection
EndProject
Global
	GlobalSection(SolutionConfigurationPlatforms) = preSolution
		Debug|Any CPU = Debug|Any CPU
	EndGlobalSection
	GlobalSection(ProjectConfigurationPlatforms) = postSolution
		{FBC66647-A657-4A53-A906-21F1001D6F4A}.Debug|Any CPU.ActiveCfg = Debug|Any CPU
		{FBC66647-A657-4A53-A906-21F1001D6F4A}.Debug|Any CPU.Build.0 = Debug|Any CPU
	EndGlobalSection
	GlobalSection(SolutionProperties) = preSolution
		HideSolutionNode = FALSE
	EndGlobalSection
	GlobalSection(ExtensibilityGlobals) = postSolution
		SolutionGuid = {C99C701D-2E40-4AD1-8966-28B6FC3D501D}
	EndGlobalSection
EndGlobal
